
Microsoft Visual Studio Solution File, Format Version 12.00
# Visual Studio Version 17
VisualStudioVersion = 17.13.35825.156 d17.13
MinimumVisualStudioVersion = 10.0.40219.1
Project("{FAE04EC0-301F-11D3-BF4B-00C04F79EFBC}") = "RaceX (2)", "RaceX (2)\RaceX (2).csproj", "{1531DC4C-30EB-4B0D-A077-948C45F28C24}"
EndProject
Global
	GlobalSection(SolutionConfigurationPlatforms) = preSolution
		Debug|Any CPU = Debug|Any CPU
		Release|Any CPU = Release|Any CPU
	EndGlobalSection
	GlobalSection(ProjectConfigurationPlatforms) = postSolution
		{1531DC4C-30EB-4B0D-A077-948C45F28C24}.Debug|Any CPU.ActiveCfg = Debug|Any CPU
		{1531DC4C-30EB-4B0D-A077-948C45F28C24}.Debug|Any CPU.Build.0 = Debug|Any CPU
		{1531DC4C-30EB-4B0D-A077-948C45F28C24}.Release|Any CPU.ActiveCfg = Release|Any CPU
		{1531DC4C-30EB-4B0D-A077-948C45F28C24}.Release|Any CPU.Build.0 = Release|Any CPU
	EndGlobalSection
	GlobalSection(SolutionProperties) = preSolution
		HideSolutionNode = FALSE
	EndGlobalSection
	GlobalSection(ExtensibilityGlobals) = postSolution
		SolutionGuid = {6D17E614-D443-4709-844C-3104F7CE94A2}
	EndGlobalSection
EndGlobal
